
Microsoft Visual Studio Solution File, Format Version 12.00
# Visual Studio Version 17
VisualStudioVersion = 17.2.32526.322
MinimumVisualStudioVersion = 10.0.40219.1
Project("{8BC9CEB8-8B4A-11D0-8D11-00A0C91BC942}") = "ucxxrt", "msvc\ucxxrt.vcxproj", "{8D969184-788F-48AA-BF18-2898FC167C91}"
EndProject
Project("{8BC9CEB8-8B4A-11D0-8D11-00A0C91BC942}") = "ucxxrt.test", "msvc\ucxxrt.test.vcxproj", "{408FB99E-F703-491E-836B-5FA24B3C819E}"
EndProject
Project("{8BC9CEB8-8B4A-11D0-8D11-00A0C91BC942}") = "HalKernel", "HalKernel\HalKernel.vcxproj", "{A2A36192-0C2A-4C6B-B44F-16EE2D256DF2}"
EndProject
Project("{8BC9CEB8-8B4A-11D0-8D11-00A0C91BC942}") = "MyDriver1", "MyDriver1\MyDriver1.vcxproj", "{227ED0DD-3FA4-44EC-B05E-24AB25A8C992}"
	ProjectSection(ProjectDependencies) = postProject
		{8D969184-788F-48AA-BF18-2898FC167C91} = {8D969184-788F-48AA-BF18-2898FC167C91}
		{A2A36192-0C2A-4C6B-B44F-16EE2D256DF2} = {A2A36192-0C2A-4C6B-B44F-16EE2D256DF2}
	EndProjectSection
EndProject
Project("{8BC9CEB8-8B4A-11D0-8D11-00A0C91BC942}") = "CppExceptions", "CppExceptions\CppExceptions.vcxproj", "{C91E00A2-1586-4493-BC3F-0E13D70C8A04}"
EndProject
Project("{8BC9CEB8-8B4A-11D0-8D11-00A0C91BC942}") = "MyUserApp", "MyUserApp\MyUserApp.vcxproj", "{F991B14A-9A31-4819-91BA-F4EB49E3E96A}"
EndProject
Project("{8BC9CEB8-8B4A-11D0-8D11-00A0C91BC942}") = "HalUser", "HalUser\HalUser.vcxproj", "{266D7A68-CD44-4B8E-B647-76EA7674E357}"
EndProject
Project("{8BC9CEB8-8B4A-11D0-8D11-00A0C91BC942}") = "MyDriver2", "MyDriver2\MyDriver2.vcxproj", "{67C940B0-C4FB-48BF-9A3A-A84CD1789871}"
EndProject
Project("{8BC9CEB8-8B4A-11D0-8D11-00A0C91BC942}") = "vcrtl", "deps\vcrtl\vcrtl_driver.vcxproj", "{CD19C317-AA62-3DA9-922C-66DC4F1D451F}"
EndProject
Global
	GlobalSection(SolutionConfigurationPlatforms) = preSolution
		Debug|ARM = Debug|ARM
		Debug|ARM64 = Debug|ARM64
		Debug|x64 = Debug|x64
		Debug|x86 = Debug|x86
		MinSizeRel|ARM = MinSizeRel|ARM
		MinSizeRel|ARM64 = MinSizeRel|ARM64
		MinSizeRel|x64 = MinSizeRel|x64
		MinSizeRel|x86 = MinSizeRel|x86
		Release|ARM = Release|ARM
		Release|ARM64 = Release|ARM64
		Release|x64 = Release|x64
		Release|x86 = Release|x86
		RelWithDebInfo|ARM = RelWithDebInfo|ARM
		RelWithDebInfo|ARM64 = RelWithDebInfo|ARM64
		RelWithDebInfo|x64 = RelWithDebInfo|x64
		RelWithDebInfo|x86 = RelWithDebInfo|x86
	EndGlobalSection
	GlobalSection(ProjectConfigurationPlatforms) = postSolution
		{8D969184-788F-48AA-BF18-2898FC167C91}.Debug|ARM.ActiveCfg = Debug|ARM
		{8D969184-788F-48AA-BF18-2898FC167C91}.Debug|ARM.Build.0 = Debug|ARM
		{8D969184-788F-48AA-BF18-2898FC167C91}.Debug|ARM.Deploy.0 = Debug|ARM
		{8D969184-788F-48AA-BF18-2898FC167C91}.Debug|ARM64.ActiveCfg = Debug|ARM64
		{8D969184-788F-48AA-BF18-2898FC167C91}.Debug|ARM64.Build.0 = Debug|ARM64
		{8D969184-788F-48AA-BF18-2898FC167C91}.Debug|ARM64.Deploy.0 = Debug|ARM64
		{8D969184-788F-48AA-BF18-2898FC167C91}.Debug|x64.ActiveCfg = Debug|x64
		{8D969184-788F-48AA-BF18-2898FC167C91}.Debug|x64.Build.0 = Debug|x64
		{8D969184-788F-48AA-BF18-2898FC167C91}.Debug|x64.Deploy.0 = Debug|x64
		{8D969184-788F-48AA-BF18-2898FC167C91}.Debug|x86.ActiveCfg = Debug|Win32
		{8D969184-788F-48AA-BF18-2898FC167C91}.Debug|x86.Build.0 = Debug|Win32
		{8D969184-788F-48AA-BF18-2898FC167C91}.Debug|x86.Deploy.0 = Debug|Win32
		{8D969184-788F-48AA-BF18-2898FC167C91}.MinSizeRel|ARM.ActiveCfg = Release|ARM
		{8D969184-788F-48AA-BF18-2898FC167C91}.MinSizeRel|ARM.Build.0 = Release|ARM
		{8D969184-788F-48AA-BF18-2898FC167C91}.MinSizeRel|ARM.Deploy.0 = Release|ARM
		{8D969184-788F-48AA-BF18-2898FC167C91}.MinSizeRel|ARM64.ActiveCfg = Release|ARM64
		{8D969184-788F-48AA-BF18-2898FC167C91}.MinSizeRel|ARM64.Build.0 = Release|ARM64
		{8D969184-788F-48AA-BF18-2898FC167C91}.MinSizeRel|ARM64.Deploy.0 = Release|ARM64
		{8D969184-788F-48AA-BF18-2898FC167C91}.MinSizeRel|x64.ActiveCfg = Release|x64
		{8D969184-788F-48AA-BF18-2898FC167C91}.MinSizeRel|x64.Build.0 = Release|x64
		{8D969184-788F-48AA-BF18-2898FC167C91}.MinSizeRel|x64.Deploy.0 = Release|x64
		{8D969184-788F-48AA-BF18-2898FC167C91}.MinSizeRel|x86.ActiveCfg = Release|Win32
		{8D969184-788F-48AA-BF18-2898FC167C91}.MinSizeRel|x86.Build.0 = Release|Win32
		{8D969184-788F-48AA-BF18-2898FC167C91}.MinSizeRel|x86.Deploy.0 = Release|Win32
		{8D969184-788F-48AA-BF18-2898FC167C91}.Release|ARM.ActiveCfg = Release|ARM
		{8D969184-788F-48AA-BF18-2898FC167C91}.Release|ARM.Build.0 = Release|ARM
		{8D969184-788F-48AA-BF18-2898FC167C91}.Release|ARM.Deploy.0 = Release|ARM
		{8D969184-788F-48AA-BF18-2898FC167C91}.Release|ARM64.ActiveCfg = Release|ARM64
		{8D969184-788F-48AA-BF18-2898FC167C91}.Release|ARM64.Build.0 = Release|ARM64
		{8D969184-788F-48AA-BF18-2898FC167C91}.Release|ARM64.Deploy.0 = Release|ARM64
		{8D969184-788F-48AA-BF18-2898FC167C91}.Release|x64.ActiveCfg = Release|x64
		{8D969184-788F-48AA-BF18-2898FC167C91}.Release|x64.Build.0 = Release|x64
		{8D969184-788F-48AA-BF18-2898FC167C91}.Release|x64.Deploy.0 = Release|x64
		{8D969184-788F-48AA-BF18-2898FC167C91}.Release|x86.ActiveCfg = Release|Win32
		{8D969184-788F-48AA-BF18-2898FC167C91}.Release|x86.Build.0 = Release|Win32
		{8D969184-788F-48AA-BF18-2898FC167C91}.Release|x86.Deploy.0 = Release|Win32
		{8D969184-788F-48AA-BF18-2898FC167C91}.RelWithDebInfo|ARM.ActiveCfg = Release|ARM
		{8D969184-788F-48AA-BF18-2898FC167C91}.RelWithDebInfo|ARM.Build.0 = Release|ARM
		{8D969184-788F-48AA-BF18-2898FC167C91}.RelWithDebInfo|ARM.Deploy.0 = Release|ARM
		{8D969184-788F-48AA-BF18-2898FC167C91}.RelWithDebInfo|ARM64.ActiveCfg = Release|ARM64
		{8D969184-788F-48AA-BF18-2898FC167C91}.RelWithDebInfo|ARM64.Build.0 = Release|ARM64
		{8D969184-788F-48AA-BF18-2898FC167C91}.RelWithDebInfo|ARM64.Deploy.0 = Release|ARM64
		{8D969184-788F-48AA-BF18-2898FC167C91}.RelWithDebInfo|x64.ActiveCfg = Release|x64
		{8D969184-788F-48AA-BF18-2898FC167C91}.RelWithDebInfo|x64.Build.0 = Release|x64
		{8D969184-788F-48AA-BF18-2898FC167C91}.RelWithDebInfo|x64.Deploy.0 = Release|x64
		{8D969184-788F-48AA-BF18-2898FC167C91}.RelWithDebInfo|x86.ActiveCfg = Release|Win32
		{8D969184-788F-48AA-BF18-2898FC167C91}.RelWithDebInfo|x86.Build.0 = Release|Win32
		{8D969184-788F-48AA-BF18-2898FC167C91}.RelWithDebInfo|x86.Deploy.0 = Release|Win32
		{408FB99E-F703-491E-836B-5FA24B3C819E}.Debug|ARM.ActiveCfg = Debug|ARM
		{408FB99E-F703-491E-836B-5FA24B3C819E}.Debug|ARM.Build.0 = Debug|ARM
		{408FB99E-F703-491E-836B-5FA24B3C819E}.Debug|ARM.Deploy.0 = Debug|ARM
		{408FB99E-F703-491E-836B-5FA24B3C819E}.Debug|ARM64.ActiveCfg = Debug|ARM64
		{408FB99E-F703-491E-836B-5FA24B3C819E}.Debug|ARM64.Build.0 = Debug|ARM64
		{408FB99E-F703-491E-836B-5FA24B3C819E}.Debug|ARM64.Deploy.0 = Debug|ARM64
		{408FB99E-F703-491E-836B-5FA24B3C819E}.Debug|x64.ActiveCfg = Debug|x64
		{408FB99E-F703-491E-836B-5FA24B3C819E}.Debug|x64.Build.0 = Debug|x64
		{408FB99E-F703-491E-836B-5FA24B3C819E}.Debug|x64.Deploy.0 = Debug|x64
		{408FB99E-F703-491E-836B-5FA24B3C819E}.Debug|x86.ActiveCfg = Debug|Win32
		{408FB99E-F703-491E-836B-5FA24B3C819E}.Debug|x86.Build.0 = Debug|Win32
		{408FB99E-F703-491E-836B-5FA24B3C819E}.Debug|x86.Deploy.0 = Debug|Win32
		{408FB99E-F703-491E-836B-5FA24B3C819E}.MinSizeRel|ARM.ActiveCfg = Release|ARM
		{408FB99E-F703-491E-836B-5FA24B3C819E}.MinSizeRel|ARM.Build.0 = Release|ARM
		{408FB99E-F703-491E-836B-5FA24B3C819E}.MinSizeRel|ARM.Deploy.0 = Release|ARM
		{408FB99E-F703-491E-836B-5FA24B3C819E}.MinSizeRel|ARM64.ActiveCfg = Release|ARM64
		{408FB99E-F703-491E-836B-5FA24B3C819E}.MinSizeRel|ARM64.Build.0 = Release|ARM64
		{408FB99E-F703-491E-836B-5FA24B3C819E}.MinSizeRel|ARM64.Deploy.0 = Release|ARM64
		{408FB99E-F703-491E-836B-5FA24B3C819E}.MinSizeRel|x64.ActiveCfg = Release|x64
		{408FB99E-F703-491E-836B-5FA24B3C819E}.MinSizeRel|x64.Build.0 = Release|x64
		{408FB99E-F703-491E-836B-5FA24B3C819E}.MinSizeRel|x64.Deploy.0 = Release|x64
		{408FB99E-F703-491E-836B-5FA24B3C819E}.MinSizeRel|x86.ActiveCfg = Release|Win32
		{408FB99E-F703-491E-836B-5FA24B3C819E}.MinSizeRel|x86.Build.0 = Release|Win32
		{408FB99E-F703-491E-836B-5FA24B3C819E}.MinSizeRel|x86.Deploy.0 = Release|Win32
		{408FB99E-F703-491E-836B-5FA24B3C819E}.Release|ARM.ActiveCfg = Release|ARM
		{408FB99E-F703-491E-836B-5FA24B3C819E}.Release|ARM.Build.0 = Release|ARM
		{408FB99E-F703-491E-836B-5FA24B3C819E}.Release|ARM.Deploy.0 = Release|ARM
		{408FB99E-F703-491E-836B-5FA24B3C819E}.Release|ARM64.ActiveCfg = Release|ARM64
		{408FB99E-F703-491E-836B-5FA24B3C819E}.Release|ARM64.Build.0 = Release|ARM64
		{408FB99E-F703-491E-836B-5FA24B3C819E}.Release|ARM64.Deploy.0 = Release|ARM64
		{408FB99E-F703-491E-836B-5FA24B3C819E}.Release|x64.ActiveCfg = Release|x64
		{408FB99E-F703-491E-836B-5FA24B3C819E}.Release|x64.Build.0 = Release|x64
		{408FB99E-F703-491E-836B-5FA24B3C819E}.Release|x64.Deploy.0 = Release|x64
		{408FB99E-F703-491E-836B-5FA24B3C819E}.Release|x86.ActiveCfg = Release|Win32
		{408FB99E-F703-491E-836B-5FA24B3C819E}.Release|x86.Build.0 = Release|Win32
		{408FB99E-F703-491E-836B-5FA24B3C819E}.Release|x86.Deploy.0 = Release|Win32
		{408FB99E-F703-491E-836B-5FA24B3C819E}.RelWithDebInfo|ARM.ActiveCfg = Release|ARM
		{408FB99E-F703-491E-836B-5FA24B3C819E}.RelWithDebInfo|ARM.Build.0 = Release|ARM
		{408FB99E-F703-491E-836B-5FA24B3C819E}.RelWithDebInfo|ARM.Deploy.0 = Release|ARM
		{408FB99E-F703-491E-836B-5FA24B3C819E}.RelWithDebInfo|ARM64.ActiveCfg = Release|ARM64
		{408FB99E-F703-491E-836B-5FA24B3C819E}.RelWithDebInfo|ARM64.Build.0 = Release|ARM64
		{408FB99E-F703-491E-836B-5FA24B3C819E}.RelWithDebInfo|ARM64.Deploy.0 = Release|ARM64
		{408FB99E-F703-491E-836B-5FA24B3C819E}.RelWithDebInfo|x64.ActiveCfg = Release|x64
		{408FB99E-F703-491E-836B-5FA24B3C819E}.RelWithDebInfo|x64.Build.0 = Release|x64
		{408FB99E-F703-491E-836B-5FA24B3C819E}.RelWithDebInfo|x64.Deploy.0 = Release|x64
		{408FB99E-F703-491E-836B-5FA24B3C819E}.RelWithDebInfo|x86.ActiveCfg = Release|Win32
		{408FB99E-F703-491E-836B-5FA24B3C819E}.RelWithDebInfo|x86.Build.0 = Release|Win32
		{408FB99E-F703-491E-836B-5FA24B3C819E}.RelWithDebInfo|x86.Deploy.0 = Release|Win32
		{A2A36192-0C2A-4C6B-B44F-16EE2D256DF2}.Debug|ARM.ActiveCfg = Debug|ARM
		{A2A36192-0C2A-4C6B-B44F-16EE2D256DF2}.Debug|ARM.Build.0 = Debug|ARM
		{A2A36192-0C2A-4C6B-B44F-16EE2D256DF2}.Debug|ARM.Deploy.0 = Debug|ARM
		{A2A36192-0C2A-4C6B-B44F-16EE2D256DF2}.Debug|ARM64.ActiveCfg = Debug|ARM64
		{A2A36192-0C2A-4C6B-B44F-16EE2D256DF2}.Debug|ARM64.Build.0 = Debug|ARM64
		{A2A36192-0C2A-4C6B-B44F-16EE2D256DF2}.Debug|ARM64.Deploy.0 = Debug|ARM64
		{A2A36192-0C2A-4C6B-B44F-16EE2D256DF2}.Debug|x64.ActiveCfg = Debug|x64
		{A2A36192-0C2A-4C6B-B44F-16EE2D256DF2}.Debug|x64.Build.0 = Debug|x64
		{A2A36192-0C2A-4C6B-B44F-16EE2D256DF2}.Debug|x64.Deploy.0 = Debug|x64
		{A2A36192-0C2A-4C6B-B44F-16EE2D256DF2}.Debug|x86.ActiveCfg = Debug|Win32
		{A2A36192-0C2A-4C6B-B44F-16EE2D256DF2}.Debug|x86.Build.0 = Debug|Win32
		{A2A36192-0C2A-4C6B-B44F-16EE2D256DF2}.Debug|x86.Deploy.0 = Debug|Win32
		{A2A36192-0C2A-4C6B-B44F-16EE2D256DF2}.MinSizeRel|ARM.ActiveCfg = Release|ARM
		{A2A36192-0C2A-4C6B-B44F-16EE2D256DF2}.MinSizeRel|ARM.Build.0 = Release|ARM
		{A2A36192-0C2A-4C6B-B44F-16EE2D256DF2}.MinSizeRel|ARM.Deploy.0 = Release|ARM
		{A2A36192-0C2A-4C6B-B44F-16EE2D256DF2}.MinSizeRel|ARM64.ActiveCfg = Release|ARM64
		{A2A36192-0C2A-4C6B-B44F-16EE2D256DF2}.MinSizeRel|ARM64.Build.0 = Release|ARM64
		{A2A36192-0C2A-4C6B-B44F-16EE2D256DF2}.MinSizeRel|ARM64.Deploy.0 = Release|ARM64
		{A2A36192-0C2A-4C6B-B44F-16EE2D256DF2}.MinSizeRel|x64.ActiveCfg = Release|x64
		{A2A36192-0C2A-4C6B-B44F-16EE2D256DF2}.MinSizeRel|x64.Build.0 = Release|x64
		{A2A36192-0C2A-4C6B-B44F-16EE2D256DF2}.MinSizeRel|x64.Deploy.0 = Release|x64
		{A2A36192-0C2A-4C6B-B44F-16EE2D256DF2}.MinSizeRel|x86.ActiveCfg = Release|Win32
		{A2A36192-0C2A-4C6B-B44F-16EE2D256DF2}.MinSizeRel|x86.Build.0 = Release|Win32
		{A2A36192-0C2A-4C6B-B44F-16EE2D256DF2}.MinSizeRel|x86.Deploy.0 = Release|Win32
		{A2A36192-0C2A-4C6B-B44F-16EE2D256DF2}.Release|ARM.ActiveCfg = Release|ARM
		{A2A36192-0C2A-4C6B-B44F-16EE2D256DF2}.Release|ARM.Build.0 = Release|ARM
		{A2A36192-0C2A-4C6B-B44F-16EE2D256DF2}.Release|ARM.Deploy.0 = Release|ARM
		{A2A36192-0C2A-4C6B-B44F-16EE2D256DF2}.Release|ARM64.ActiveCfg = Release|ARM64
		{A2A36192-0C2A-4C6B-B44F-16EE2D256DF2}.Release|ARM64.Build.0 = Release|ARM64
		{A2A36192-0C2A-4C6B-B44F-16EE2D256DF2}.Release|ARM64.Deploy.0 = Release|ARM64
		{A2A36192-0C2A-4C6B-B44F-16EE2D256DF2}.Release|x64.ActiveCfg = Release|x64
		{A2A36192-0C2A-4C6B-B44F-16EE2D256DF2}.Release|x64.Build.0 = Release|x64
		{A2A36192-0C2A-4C6B-B44F-16EE2D256DF2}.Release|x64.Deploy.0 = Release|x64
		{A2A36192-0C2A-4C6B-B44F-16EE2D256DF2}.Release|x86.ActiveCfg = Release|Win32
		{A2A36192-0C2A-4C6B-B44F-16EE2D256DF2}.Release|x86.Build.0 = Release|Win32
		{A2A36192-0C2A-4C6B-B44F-16EE2D256DF2}.Release|x86.Deploy.0 = Release|Win32
		{A2A36192-0C2A-4C6B-B44F-16EE2D256DF2}.RelWithDebInfo|ARM.ActiveCfg = Release|ARM
		{A2A36192-0C2A-4C6B-B44F-16EE2D256DF2}.RelWithDebInfo|ARM.Build.0 = Release|ARM
		{A2A36192-0C2A-4C6B-B44F-16EE2D256DF2}.RelWithDebInfo|ARM.Deploy.0 = Release|ARM
		{A2A36192-0C2A-4C6B-B44F-16EE2D256DF2}.RelWithDebInfo|ARM64.ActiveCfg = Release|ARM64
		{A2A36192-0C2A-4C6B-B44F-16EE2D256DF2}.RelWithDebInfo|ARM64.Build.0 = Release|ARM64
		{A2A36192-0C2A-4C6B-B44F-16EE2D256DF2}.RelWithDebInfo|ARM64.Deploy.0 = Release|ARM64
		{A2A36192-0C2A-4C6B-B44F-16EE2D256DF2}.RelWithDebInfo|x64.ActiveCfg = Release|x64
		{A2A36192-0C2A-4C6B-B44F-16EE2D256DF2}.RelWithDebInfo|x64.Build.0 = Release|x64
		{A2A36192-0C2A-4C6B-B44F-16EE2D256DF2}.RelWithDebInfo|x64.Deploy.0 = Release|x64
		{A2A36192-0C2A-4C6B-B44F-16EE2D256DF2}.RelWithDebInfo|x86.ActiveCfg = Release|Win32
		{A2A36192-0C2A-4C6B-B44F-16EE2D256DF2}.RelWithDebInfo|x86.Build.0 = Release|Win32
		{A2A36192-0C2A-4C6B-B44F-16EE2D256DF2}.RelWithDebInfo|x86.Deploy.0 = Release|Win32
		{227ED0DD-3FA4-44EC-B05E-24AB25A8C992}.Debug|ARM.ActiveCfg = Debug|x64
		{227ED0DD-3FA4-44EC-B05E-24AB25A8C992}.Debug|ARM.Build.0 = Debug|x64
		{227ED0DD-3FA4-44EC-B05E-24AB25A8C992}.Debug|ARM.Deploy.0 = Debug|x64
		{227ED0DD-3FA4-44EC-B05E-24AB25A8C992}.Debug|ARM64.ActiveCfg = Debug|ARM64
		{227ED0DD-3FA4-44EC-B05E-24AB25A8C992}.Debug|ARM64.Build.0 = Debug|ARM64
		{227ED0DD-3FA4-44EC-B05E-24AB25A8C992}.Debug|ARM64.Deploy.0 = Debug|ARM64
		{227ED0DD-3FA4-44EC-B05E-24AB25A8C992}.Debug|x64.ActiveCfg = Debug|x64
		{227ED0DD-3FA4-44EC-B05E-24AB25A8C992}.Debug|x64.Build.0 = Debug|x64
		{227ED0DD-3FA4-44EC-B05E-24AB25A8C992}.Debug|x64.Deploy.0 = Debug|x64
		{227ED0DD-3FA4-44EC-B05E-24AB25A8C992}.Debug|x86.ActiveCfg = Debug|x64
		{227ED0DD-3FA4-44EC-B05E-24AB25A8C992}.Debug|x86.Build.0 = Debug|x64
		{227ED0DD-3FA4-44EC-B05E-24AB25A8C992}.Debug|x86.Deploy.0 = Debug|x64
		{227ED0DD-3FA4-44EC-B05E-24AB25A8C992}.MinSizeRel|ARM.ActiveCfg = Release|x64
		{227ED0DD-3FA4-44EC-B05E-24AB25A8C992}.MinSizeRel|ARM.Build.0 = Release|x64
		{227ED0DD-3FA4-44EC-B05E-24AB25A8C992}.MinSizeRel|ARM.Deploy.0 = Release|x64
		{227ED0DD-3FA4-44EC-B05E-24AB25A8C992}.MinSizeRel|ARM64.ActiveCfg = Release|ARM64
		{227ED0DD-3FA4-44EC-B05E-24AB25A8C992}.MinSizeRel|ARM64.Build.0 = Release|ARM64
		{227ED0DD-3FA4-44EC-B05E-24AB25A8C992}.MinSizeRel|ARM64.Deploy.0 = Release|ARM64
		{227ED0DD-3FA4-44EC-B05E-24AB25A8C992}.MinSizeRel|x64.ActiveCfg = Release|x64
		{227ED0DD-3FA4-44EC-B05E-24AB25A8C992}.MinSizeRel|x64.Build.0 = Release|x64
		{227ED0DD-3FA4-44EC-B05E-24AB25A8C992}.MinSizeRel|x64.Deploy.0 = Release|x64
		{227ED0DD-3FA4-44EC-B05E-24AB25A8C992}.MinSizeRel|x86.ActiveCfg = Release|x64
		{227ED0DD-3FA4-44EC-B05E-24AB25A8C992}.MinSizeRel|x86.Build.0 = Release|x64
		{227ED0DD-3FA4-44EC-B05E-24AB25A8C992}.MinSizeRel|x86.Deploy.0 = Release|x64
		{227ED0DD-3FA4-44EC-B05E-24AB25A8C992}.Release|ARM.ActiveCfg = Release|x64
		{227ED0DD-3FA4-44EC-B05E-24AB25A8C992}.Release|ARM.Build.0 = Release|x64
		{227ED0DD-3FA4-44EC-B05E-24AB25A8C992}.Release|ARM.Deploy.0 = Release|x64
		{227ED0DD-3FA4-44EC-B05E-24AB25A8C992}.Release|ARM64.ActiveCfg = Release|ARM64
		{227ED0DD-3FA4-44EC-B05E-24AB25A8C992}.Release|ARM64.Build.0 = Release|ARM64
		{227ED0DD-3FA4-44EC-B05E-24AB25A8C992}.Release|ARM64.Deploy.0 = Release|ARM64
		{227ED0DD-3FA4-44EC-B05E-24AB25A8C992}.Release|x64.ActiveCfg = Release|x64
		{227ED0DD-3FA4-44EC-B05E-24AB25A8C992}.Release|x64.Build.0 = Release|x64
		{227ED0DD-3FA4-44EC-B05E-24AB25A8C992}.Release|x64.Deploy.0 = Release|x64
		{227ED0DD-3FA4-44EC-B05E-24AB25A8C992}.Release|x86.ActiveCfg = Release|x64
		{227ED0DD-3FA4-44EC-B05E-24AB25A8C992}.Release|x86.Build.0 = Release|x64
		{227ED0DD-3FA4-44EC-B05E-24AB25A8C992}.Release|x86.Deploy.0 = Release|x64
		{227ED0DD-3FA4-44EC-B05E-24AB25A8C992}.RelWithDebInfo|ARM.ActiveCfg = Release|x64
		{227ED0DD-3FA4-44EC-B05E-24AB25A8C992}.RelWithDebInfo|ARM.Build.0 = Release|x64
		{227ED0DD-3FA4-44EC-B05E-24AB25A8C992}.RelWithDebInfo|ARM.Deploy.0 = Release|x64
		{227ED0DD-3FA4-44EC-B05E-24AB25A8C992}.RelWithDebInfo|ARM64.ActiveCfg = Release|ARM64
		{227ED0DD-3FA4-44EC-B05E-24AB25A8C992}.RelWithDebInfo|ARM64.Build.0 = Release|ARM64
		{227ED0DD-3FA4-44EC-B05E-24AB25A8C992}.RelWithDebInfo|ARM64.Deploy.0 = Release|ARM64
		{227ED0DD-3FA4-44EC-B05E-24AB25A8C992}.RelWithDebInfo|x64.ActiveCfg = Release|x64
		{227ED0DD-3FA4-44EC-B05E-24AB25A8C992}.RelWithDebInfo|x64.Build.0 = Release|x64
		{227ED0DD-3FA4-44EC-B05E-24AB25A8C992}.RelWithDebInfo|x64.Deploy.0 = Release|x64
		{227ED0DD-3FA4-44EC-B05E-24AB25A8C992}.RelWithDebInfo|x86.ActiveCfg = Release|x64
		{227ED0DD-3FA4-44EC-B05E-24AB25A8C992}.RelWithDebInfo|x86.Build.0 = Release|x64
		{227ED0DD-3FA4-44EC-B05E-24AB25A8C992}.RelWithDebInfo|x86.Deploy.0 = Release|x64
		{C91E00A2-1586-4493-BC3F-0E13D70C8A04}.Debug|ARM.ActiveCfg = Debug|x64
		{C91E00A2-1586-4493-BC3F-0E13D70C8A04}.Debug|ARM.Build.0 = Debug|x64
		{C91E00A2-1586-4493-BC3F-0E13D70C8A04}.Debug|ARM64.ActiveCfg = Debug|x64
		{C91E00A2-1586-4493-BC3F-0E13D70C8A04}.Debug|ARM64.Build.0 = Debug|x64
		{C91E00A2-1586-4493-BC3F-0E13D70C8A04}.Debug|x64.ActiveCfg = Debug|x64
		{C91E00A2-1586-4493-BC3F-0E13D70C8A04}.Debug|x64.Build.0 = Debug|x64
		{C91E00A2-1586-4493-BC3F-0E13D70C8A04}.Debug|x86.ActiveCfg = Debug|Win32
		{C91E00A2-1586-4493-BC3F-0E13D70C8A04}.Debug|x86.Build.0 = Debug|Win32
		{C91E00A2-1586-4493-BC3F-0E13D70C8A04}.MinSizeRel|ARM.ActiveCfg = Release|x64
		{C91E00A2-1586-4493-BC3F-0E13D70C8A04}.MinSizeRel|ARM.Build.0 = Release|x64
		{C91E00A2-1586-4493-BC3F-0E13D70C8A04}.MinSizeRel|ARM64.ActiveCfg = Release|x64
		{C91E00A2-1586-4493-BC3F-0E13D70C8A04}.MinSizeRel|ARM64.Build.0 = Release|x64
		{C91E00A2-1586-4493-BC3F-0E13D70C8A04}.MinSizeRel|x64.ActiveCfg = Release|x64
		{C91E00A2-1586-4493-BC3F-0E13D70C8A04}.MinSizeRel|x64.Build.0 = Release|x64
		{C91E00A2-1586-4493-BC3F-0E13D70C8A04}.MinSizeRel|x86.ActiveCfg = Release|Win32
		{C91E00A2-1586-4493-BC3F-0E13D70C8A04}.MinSizeRel|x86.Build.0 = Release|Win32
		{C91E00A2-1586-4493-BC3F-0E13D70C8A04}.Release|ARM.ActiveCfg = Release|x64
		{C91E00A2-1586-4493-BC3F-0E13D70C8A04}.Release|ARM.Build.0 = Release|x64
		{C91E00A2-1586-4493-BC3F-0E13D70C8A04}.Release|ARM64.ActiveCfg = Release|x64
		{C91E00A2-1586-4493-BC3F-0E13D70C8A04}.Release|ARM64.Build.0 = Release|x64
		{C91E00A2-1586-4493-BC3F-0E13D70C8A04}.Release|x64.ActiveCfg = Release|x64
		{C91E00A2-1586-4493-BC3F-0E13D70C8A04}.Release|x64.Build.0 = Release|x64
		{C91E00A2-1586-4493-BC3F-0E13D70C8A04}.Release|x86.ActiveCfg = Release|Win32
		{C91E00A2-1586-4493-BC3F-0E13D70C8A04}.Release|x86.Build.0 = Release|Win32
		{C91E00A2-1586-4493-BC3F-0E13D70C8A04}.RelWithDebInfo|ARM.ActiveCfg = Release|x64
		{C91E00A2-1586-4493-BC3F-0E13D70C8A04}.RelWithDebInfo|ARM.Build.0 = Release|x64
		{C91E00A2-1586-4493-BC3F-0E13D70C8A04}.RelWithDebInfo|ARM64.ActiveCfg = Release|x64
		{C91E00A2-1586-4493-BC3F-0E13D70C8A04}.RelWithDebInfo|ARM64.Build.0 = Release|x64
		{C91E00A2-1586-4493-BC3F-0E13D70C8A04}.RelWithDebInfo|x64.ActiveCfg = Release|x64
		{C91E00A2-1586-4493-BC3F-0E13D70C8A04}.RelWithDebInfo|x64.Build.0 = Release|x64
		{C91E00A2-1586-4493-BC3F-0E13D70C8A04}.RelWithDebInfo|x86.ActiveCfg = Release|Win32
		{C91E00A2-1586-4493-BC3F-0E13D70C8A04}.RelWithDebInfo|x86.Build.0 = Release|Win32
		{F991B14A-9A31-4819-91BA-F4EB49E3E96A}.Debug|ARM.ActiveCfg = Debug|x64
		{F991B14A-9A31-4819-91BA-F4EB49E3E96A}.Debug|ARM.Build.0 = Debug|x64
		{F991B14A-9A31-4819-91BA-F4EB49E3E96A}.Debug|ARM64.ActiveCfg = Debug|x64
		{F991B14A-9A31-4819-91BA-F4EB49E3E96A}.Debug|ARM64.Build.0 = Debug|x64
		{F991B14A-9A31-4819-91BA-F4EB49E3E96A}.Debug|x64.ActiveCfg = Debug|x64
		{F991B14A-9A31-4819-91BA-F4EB49E3E96A}.Debug|x64.Build.0 = Debug|x64
		{F991B14A-9A31-4819-91BA-F4EB49E3E96A}.Debug|x86.ActiveCfg = Debug|Win32
		{F991B14A-9A31-4819-91BA-F4EB49E3E96A}.Debug|x86.Build.0 = Debug|Win32
		{F991B14A-9A31-4819-91BA-F4EB49E3E96A}.MinSizeRel|ARM.ActiveCfg = Release|x64
		{F991B14A-9A31-4819-91BA-F4EB49E3E96A}.MinSizeRel|ARM.Build.0 = Release|x64
		{F991B14A-9A31-4819-91BA-F4EB49E3E96A}.MinSizeRel|ARM64.ActiveCfg = Release|x64
		{F991B14A-9A31-4819-91BA-F4EB49E3E96A}.MinSizeRel|ARM64.Build.0 = Release|x64
		{F991B14A-9A31-4819-91BA-F4EB49E3E96A}.MinSizeRel|x64.ActiveCfg = Release|x64
		{F991B14A-9A31-4819-91BA-F4EB49E3E96A}.MinSizeRel|x64.Build.0 = Release|x64
		{F991B14A-9A31-4819-91BA-F4EB49E3E96A}.MinSizeRel|x86.ActiveCfg = Release|Win32
		{F991B14A-9A31-4819-91BA-F4EB49E3E96A}.MinSizeRel|x86.Build.0 = Release|Win32
		{F991B14A-9A31-4819-91BA-F4EB49E3E96A}.Release|ARM.ActiveCfg = Release|x64
		{F991B14A-9A31-4819-91BA-F4EB49E3E96A}.Release|ARM.Build.0 = Release|x64
		{F991B14A-9A31-4819-91BA-F4EB49E3E96A}.Release|ARM64.ActiveCfg = Release|x64
		{F991B14A-9A31-4819-91BA-F4EB49E3E96A}.Release|ARM64.Build.0 = Release|x64
		{F991B14A-9A31-4819-91BA-F4EB49E3E96A}.Release|x64.ActiveCfg = Release|x64
		{F991B14A-9A31-4819-91BA-F4EB49E3E96A}.Release|x64.Build.0 = Release|x64
		{F991B14A-9A31-4819-91BA-F4EB49E3E96A}.Release|x86.ActiveCfg = Release|Win32
		{F991B14A-9A31-4819-91BA-F4EB49E3E96A}.Release|x86.Build.0 = Release|Win32
		{F991B14A-9A31-4819-91BA-F4EB49E3E96A}.RelWithDebInfo|ARM.ActiveCfg = Release|x64
		{F991B14A-9A31-4819-91BA-F4EB49E3E96A}.RelWithDebInfo|ARM.Build.0 = Release|x64
		{F991B14A-9A31-4819-91BA-F4EB49E3E96A}.RelWithDebInfo|ARM64.ActiveCfg = Release|x64
		{F991B14A-9A31-4819-91BA-F4EB49E3E96A}.RelWithDebInfo|ARM64.Build.0 = Release|x64
		{F991B14A-9A31-4819-91BA-F4EB49E3E96A}.RelWithDebInfo|x64.ActiveCfg = Release|x64
		{F991B14A-9A31-4819-91BA-F4EB49E3E96A}.RelWithDebInfo|x64.Build.0 = Release|x64
		{F991B14A-9A31-4819-91BA-F4EB49E3E96A}.RelWithDebInfo|x86.ActiveCfg = Release|Win32
		{F991B14A-9A31-4819-91BA-F4EB49E3E96A}.RelWithDebInfo|x86.Build.0 = Release|Win32
		{266D7A68-CD44-4B8E-B647-76EA7674E357}.Debug|ARM.ActiveCfg = Debug|x64
		{266D7A68-CD44-4B8E-B647-76EA7674E357}.Debug|ARM.Build.0 = Debug|x64
		{266D7A68-CD44-4B8E-B647-76EA7674E357}.Debug|ARM64.ActiveCfg = Debug|x64
		{266D7A68-CD44-4B8E-B647-76EA7674E357}.Debug|ARM64.Build.0 = Debug|x64
		{266D7A68-CD44-4B8E-B647-76EA7674E357}.Debug|x64.ActiveCfg = Debug|x64
		{266D7A68-CD44-4B8E-B647-76EA7674E357}.Debug|x64.Build.0 = Debug|x64
		{266D7A68-CD44-4B8E-B647-76EA7674E357}.Debug|x86.ActiveCfg = Debug|Win32
		{266D7A68-CD44-4B8E-B647-76EA7674E357}.Debug|x86.Build.0 = Debug|Win32
		{266D7A68-CD44-4B8E-B647-76EA7674E357}.MinSizeRel|ARM.ActiveCfg = Release|x64
		{266D7A68-CD44-4B8E-B647-76EA7674E357}.MinSizeRel|ARM.Build.0 = Release|x64
		{266D7A68-CD44-4B8E-B647-76EA7674E357}.MinSizeRel|ARM64.ActiveCfg = Release|x64
		{266D7A68-CD44-4B8E-B647-76EA7674E357}.MinSizeRel|ARM64.Build.0 = Release|x64
		{266D7A68-CD44-4B8E-B647-76EA7674E357}.MinSizeRel|x64.ActiveCfg = Release|x64
		{266D7A68-CD44-4B8E-B647-76EA7674E357}.MinSizeRel|x64.Build.0 = Release|x64
		{266D7A68-CD44-4B8E-B647-76EA7674E357}.MinSizeRel|x86.ActiveCfg = Release|Win32
		{266D7A68-CD44-4B8E-B647-76EA7674E357}.MinSizeRel|x86.Build.0 = Release|Win32
		{266D7A68-CD44-4B8E-B647-76EA7674E357}.Release|ARM.ActiveCfg = Release|x64
		{266D7A68-CD44-4B8E-B647-76EA7674E357}.Release|ARM.Build.0 = Release|x64
		{266D7A68-CD44-4B8E-B647-76EA7674E357}.Release|ARM64.ActiveCfg = Release|x64
		{266D7A68-CD44-4B8E-B647-76EA7674E357}.Release|ARM64.Build.0 = Release|x64
		{266D7A68-CD44-4B8E-B647-76EA7674E357}.Release|x64.ActiveCfg = Release|x64
		{266D7A68-CD44-4B8E-B647-76EA7674E357}.Release|x64.Build.0 = Release|x64
		{266D7A68-CD44-4B8E-B647-76EA7674E357}.Release|x86.ActiveCfg = Release|Win32
		{266D7A68-CD44-4B8E-B647-76EA7674E357}.Release|x86.Build.0 = Release|Win32
		{266D7A68-CD44-4B8E-B647-76EA7674E357}.RelWithDebInfo|ARM.ActiveCfg = Release|x64
		{266D7A68-CD44-4B8E-B647-76EA7674E357}.RelWithDebInfo|ARM.Build.0 = Release|x64
		{266D7A68-CD44-4B8E-B647-76EA7674E357}.RelWithDebInfo|ARM64.ActiveCfg = Release|x64
		{266D7A68-CD44-4B8E-B647-76EA7674E357}.RelWithDebInfo|ARM64.Build.0 = Release|x64
		{266D7A68-CD44-4B8E-B647-76EA7674E357}.RelWithDebInfo|x64.ActiveCfg = Release|x64
		{266D7A68-CD44-4B8E-B647-76EA7674E357}.RelWithDebInfo|x64.Build.0 = Release|x64
		{266D7A68-CD44-4B8E-B647-76EA7674E357}.RelWithDebInfo|x86.ActiveCfg = Release|Win32
		{266D7A68-CD44-4B8E-B647-76EA7674E357}.RelWithDebInfo|x86.Build.0 = Release|Win32
		{67C940B0-C4FB-48BF-9A3A-A84CD1789871}.Debug|ARM.ActiveCfg = Debug|x64
		{67C940B0-C4FB-48BF-9A3A-A84CD1789871}.Debug|ARM.Build.0 = Debug|x64
		{67C940B0-C4FB-48BF-9A3A-A84CD1789871}.Debug|ARM.Deploy.0 = Debug|x64
		{67C940B0-C4FB-48BF-9A3A-A84CD1789871}.Debug|ARM64.ActiveCfg = Debug|ARM64
		{67C940B0-C4FB-48BF-9A3A-A84CD1789871}.Debug|ARM64.Build.0 = Debug|ARM64
		{67C940B0-C4FB-48BF-9A3A-A84CD1789871}.Debug|ARM64.Deploy.0 = Debug|ARM64
		{67C940B0-C4FB-48BF-9A3A-A84CD1789871}.Debug|x64.ActiveCfg = Debug|x64
		{67C940B0-C4FB-48BF-9A3A-A84CD1789871}.Debug|x64.Build.0 = Debug|x64
		{67C940B0-C4FB-48BF-9A3A-A84CD1789871}.Debug|x64.Deploy.0 = Debug|x64
		{67C940B0-C4FB-48BF-9A3A-A84CD1789871}.Debug|x86.ActiveCfg = Debug|x64
		{67C940B0-C4FB-48BF-9A3A-A84CD1789871}.Debug|x86.Build.0 = Debug|x64
		{67C940B0-C4FB-48BF-9A3A-A84CD1789871}.Debug|x86.Deploy.0 = Debug|x64
		{67C940B0-C4FB-48BF-9A3A-A84CD1789871}.MinSizeRel|ARM.ActiveCfg = Release|x64
		{67C940B0-C4FB-48BF-9A3A-A84CD1789871}.MinSizeRel|ARM.Build.0 = Release|x64
		{67C940B0-C4FB-48BF-9A3A-A84CD1789871}.MinSizeRel|ARM.Deploy.0 = Release|x64
		{67C940B0-C4FB-48BF-9A3A-A84CD1789871}.MinSizeRel|ARM64.ActiveCfg = Release|ARM64
		{67C940B0-C4FB-48BF-9A3A-A84CD1789871}.MinSizeRel|ARM64.Build.0 = Release|ARM64
		{67C940B0-C4FB-48BF-9A3A-A84CD1789871}.MinSizeRel|ARM64.Deploy.0 = Release|ARM64
		{67C940B0-C4FB-48BF-9A3A-A84CD1789871}.MinSizeRel|x64.ActiveCfg = Release|x64
		{67C940B0-C4FB-48BF-9A3A-A84CD1789871}.MinSizeRel|x64.Build.0 = Release|x64
		{67C940B0-C4FB-48BF-9A3A-A84CD1789871}.MinSizeRel|x64.Deploy.0 = Release|x64
		{67C940B0-C4FB-48BF-9A3A-A84CD1789871}.MinSizeRel|x86.ActiveCfg = Release|x64
		{67C940B0-C4FB-48BF-9A3A-A84CD1789871}.MinSizeRel|x86.Build.0 = Release|x64
		{67C940B0-C4FB-48BF-9A3A-A84CD1789871}.MinSizeRel|x86.Deploy.0 = Release|x64
		{67C940B0-C4FB-48BF-9A3A-A84CD1789871}.Release|ARM.ActiveCfg = Release|x64
		{67C940B0-C4FB-48BF-9A3A-A84CD1789871}.Release|ARM.Build.0 = Release|x64
		{67C940B0-C4FB-48BF-9A3A-A84CD1789871}.Release|ARM.Deploy.0 = Release|x64
		{67C940B0-C4FB-48BF-9A3A-A84CD1789871}.Release|ARM64.ActiveCfg = Release|ARM64
		{67C940B0-C4FB-48BF-9A3A-A84CD1789871}.Release|ARM64.Build.0 = Release|ARM64
		{67C940B0-C4FB-48BF-9A3A-A84CD1789871}.Release|ARM64.Deploy.0 = Release|ARM64
		{67C940B0-C4FB-48BF-9A3A-A84CD1789871}.Release|x64.ActiveCfg = Release|x64
		{67C940B0-C4FB-48BF-9A3A-A84CD1789871}.Release|x64.Build.0 = Release|x64
		{67C940B0-C4FB-48BF-9A3A-A84CD1789871}.Release|x64.Deploy.0 = Release|x64
		{67C940B0-C4FB-48BF-9A3A-A84CD1789871}.Release|x86.ActiveCfg = Release|x64
		{67C940B0-C4FB-48BF-9A3A-A84CD1789871}.Release|x86.Build.0 = Release|x64
		{67C940B0-C4FB-48BF-9A3A-A84CD1789871}.Release|x86.Deploy.0 = Release|x64
		{67C940B0-C4FB-48BF-9A3A-A84CD1789871}.RelWithDebInfo|ARM.ActiveCfg = Release|x64
		{67C940B0-C4FB-48BF-9A3A-A84CD1789871}.RelWithDebInfo|ARM.Build.0 = Release|x64
		{67C940B0-C4FB-48BF-9A3A-A84CD1789871}.RelWithDebInfo|ARM.Deploy.0 = Release|x64
		{67C940B0-C4FB-48BF-9A3A-A84CD1789871}.RelWithDebInfo|ARM64.ActiveCfg = Release|ARM64
		{67C940B0-C4FB-48BF-9A3A-A84CD1789871}.RelWithDebInfo|ARM64.Build.0 = Release|ARM64
		{67C940B0-C4FB-48BF-9A3A-A84CD1789871}.RelWithDebInfo|ARM64.Deploy.0 = Release|ARM64
		{67C940B0-C4FB-48BF-9A3A-A84CD1789871}.RelWithDebInfo|x64.ActiveCfg = Release|x64
		{67C940B0-C4FB-48BF-9A3A-A84CD1789871}.RelWithDebInfo|x64.Build.0 = Release|x64
		{67C940B0-C4FB-48BF-9A3A-A84CD1789871}.RelWithDebInfo|x64.Deploy.0 = Release|x64
		{67C940B0-C4FB-48BF-9A3A-A84CD1789871}.RelWithDebInfo|x86.ActiveCfg = Release|x64
		{67C940B0-C4FB-48BF-9A3A-A84CD1789871}.RelWithDebInfo|x86.Build.0 = Release|x64
		{67C940B0-C4FB-48BF-9A3A-A84CD1789871}.RelWithDebInfo|x86.Deploy.0 = Release|x64
		{CD19C317-AA62-3DA9-922C-66DC4F1D451F}.Debug|ARM.ActiveCfg = Debug|x64
		{CD19C317-AA62-3DA9-922C-66DC4F1D451F}.Debug|ARM.Build.0 = Debug|x64
		{CD19C317-AA62-3DA9-922C-66DC4F1D451F}.Debug|ARM64.ActiveCfg = Debug|x64
		{CD19C317-AA62-3DA9-922C-66DC4F1D451F}.Debug|ARM64.Build.0 = Debug|x64
		{CD19C317-AA62-3DA9-922C-66DC4F1D451F}.Debug|x64.ActiveCfg = Debug|x64
		{CD19C317-AA62-3DA9-922C-66DC4F1D451F}.Debug|x64.Build.0 = Debug|x64
		{CD19C317-AA62-3DA9-922C-66DC4F1D451F}.Debug|x86.ActiveCfg = Debug|x64
		{CD19C317-AA62-3DA9-922C-66DC4F1D451F}.Debug|x86.Build.0 = Debug|x64
		{CD19C317-AA62-3DA9-922C-66DC4F1D451F}.MinSizeRel|ARM.ActiveCfg = MinSizeRel|x64
		{CD19C317-AA62-3DA9-922C-66DC4F1D451F}.MinSizeRel|ARM.Build.0 = MinSizeRel|x64
		{CD19C317-AA62-3DA9-922C-66DC4F1D451F}.MinSizeRel|ARM64.ActiveCfg = MinSizeRel|x64
		{CD19C317-AA62-3DA9-922C-66DC4F1D451F}.MinSizeRel|ARM64.Build.0 = MinSizeRel|x64
		{CD19C317-AA62-3DA9-922C-66DC4F1D451F}.MinSizeRel|x64.ActiveCfg = MinSizeRel|x64
		{CD19C317-AA62-3DA9-922C-66DC4F1D451F}.MinSizeRel|x64.Build.0 = MinSizeRel|x64
		{CD19C317-AA62-3DA9-922C-66DC4F1D451F}.MinSizeRel|x86.ActiveCfg = MinSizeRel|x64
		{CD19C317-AA62-3DA9-922C-66DC4F1D451F}.MinSizeRel|x86.Build.0 = MinSizeRel|x64
		{CD19C317-AA62-3DA9-922C-66DC4F1D451F}.Release|ARM.ActiveCfg = Release|x64
		{CD19C317-AA62-3DA9-922C-66DC4F1D451F}.Release|ARM.Build.0 = Release|x64
		{CD19C317-AA62-3DA9-922C-66DC4F1D451F}.Release|ARM64.ActiveCfg = Release|x64
		{CD19C317-AA62-3DA9-922C-66DC4F1D451F}.Release|ARM64.Build.0 = Release|x64
		{CD19C317-AA62-3DA9-922C-66DC4F1D451F}.Release|x64.ActiveCfg = Release|x64
		{CD19C317-AA62-3DA9-922C-66DC4F1D451F}.Release|x64.Build.0 = Release|x64
		{CD19C317-AA62-3DA9-922C-66DC4F1D451F}.Release|x86.ActiveCfg = Release|x64
		{CD19C317-AA62-3DA9-922C-66DC4F1D451F}.Release|x86.Build.0 = Release|x64
		{CD19C317-AA62-3DA9-922C-66DC4F1D451F}.RelWithDebInfo|ARM.ActiveCfg = RelWithDebInfo|x64
		{CD19C317-AA62-3DA9-922C-66DC4F1D451F}.RelWithDebInfo|ARM.Build.0 = RelWithDebInfo|x64
		{CD19C317-AA62-3DA9-922C-66DC4F1D451F}.RelWithDebInfo|ARM64.ActiveCfg = RelWithDebInfo|x64
		{CD19C317-AA62-3DA9-922C-66DC4F1D451F}.RelWithDebInfo|ARM64.Build.0 = RelWithDebInfo|x64
		{CD19C317-AA62-3DA9-922C-66DC4F1D451F}.RelWithDebInfo|x64.ActiveCfg = RelWithDebInfo|x64
		{CD19C317-AA62-3DA9-922C-66DC4F1D451F}.RelWithDebInfo|x64.Build.0 = RelWithDebInfo|x64
		{CD19C317-AA62-3DA9-922C-66DC4F1D451F}.RelWithDebInfo|x86.ActiveCfg = RelWithDebInfo|x64
		{CD19C317-AA62-3DA9-922C-66DC4F1D451F}.RelWithDebInfo|x86.Build.0 = RelWithDebInfo|x64
	EndGlobalSection
	GlobalSection(SolutionProperties) = preSolution
		HideSolutionNode = FALSE
	EndGlobalSection
	GlobalSection(ExtensibilityGlobals) = postSolution
		SolutionGuid = {F0A67025-B884-49C6-AE00-F58FC438D817}
	EndGlobalSection
EndGlobal
